schema: '2.0'
stages:
  load_data:
    cmd: python src/load_data.py --config=params.yaml
    deps:
    - path: data_given/winequality.csv
      hash: md5
      md5: ccc8d3507eb151f53f760d36abdef888
      size: 91998
    - path: src/get_data.py
      hash: md5
      md5: 6d854877370697fe7cd808ac06cb1073
      size: 723
    - path: src/load_data.py
      hash: md5
      md5: 6696135ea7da1236380c647d81075568
      size: 724
    outs:
    - path: data/raw/winequality.csv
      hash: md5
      md5: d98e8f2eca228c11c4de1cc96866a54d
      size: 91998
  split_data:
    cmd: python src/split_data.py --config=params.yaml
    deps:
    - path: data/raw/winequality.csv
      hash: md5
      md5: d98e8f2eca228c11c4de1cc96866a54d
      size: 91998
    - path: src/split_data.py
      hash: md5
      md5: ef071a0b6bcbadcaadf1d54ecd6ccf61
      size: 1095
    outs:
    - path: data/processed/test_winequality.csv
      hash: md5
      md5: 01718da3bd6e206060ed00667ca1a389
      size: 18510
    - path: data/processed/train_winequality.csv
      hash: md5
      md5: 4bccf4d668cdc60115de42ba74d416ab
      size: 73633
  train_and_evaluate:
    cmd: python src/train_and_evaluate.py --config=params.yaml
    deps:
    - path: data/processed/test_winequality.csv
      hash: md5
      md5: 01718da3bd6e206060ed00667ca1a389
      size: 18510
    - path: data/processed/train_winequality.csv
      hash: md5
      md5: 4bccf4d668cdc60115de42ba74d416ab
      size: 73633
    - path: src/train_and_evaluate.py
      hash: md5
      md5: a13021c4c47ce25a83807ee2dbc45bfa
      size: 2809
    params:
      params.yaml:
        estimators.ElasticNet.params.alpha: 0.88
        estimators.ElasticNet.params.l1_ratio: 0.89
    outs:
    - path: report/params.json
      hash: md5
      md5: 93e348937770bf249f72b4380fd79543
      size: 43
    - path: report/scores.json
      hash: md5
      md5: 2c184abb30edbdb501e49336be2ad1ec
      size: 102
    - path: saved_model/model.joblib
      hash: md5
      md5: b665e9e0ae3f0eb1a30baf5a5da29c60
      size: 1231
